
Microsoft Visual Studio Solution File, Format Version 12.00
# Visual Studio Version 16
VisualStudioVersion = 16.0.30503.244
MinimumVisualStudioVersion = 10.0.40219.1
Project("{9A19103F-16F7-4668-BE54-9A1E7A4F7556}") = "Swagger.Gateway.Configuration", "Swagger.Gateway.Configuration.csproj", "{CA0EC4C2-7E62-4721-AAC5-6E583440A503}"
EndProject
Project("{2150E333-8FDC-42A3-9474-1A3956D46DE8}") = "src", "src", "{D15A0A78-BE1A-4DF6-AA7E-1A85FE3ADCE8}"
EndProject
Project("{2150E333-8FDC-42A3-9474-1A3956D46DE8}") = "Solution-Itens", "Solution-Itens", "{B5EBF302-58FB-47F7-B571-04737F9FBE5A}"
	ProjectSection(SolutionItems) = preProject
		.gitignore = .gitignore
		README.md = README.md
	EndProjectSection
EndProject
Global
	GlobalSection(SolutionConfigurationPlatforms) = preSolution
		Debug|Any CPU = Debug|Any CPU
		Release|Any CPU = Release|Any CPU
	EndGlobalSection
	GlobalSection(ProjectConfigurationPlatforms) = postSolution
		{CA0EC4C2-7E62-4721-AAC5-6E583440A503}.Debug|Any CPU.ActiveCfg = Debug|Any CPU
		{CA0EC4C2-7E62-4721-AAC5-6E583440A503}.Debug|Any CPU.Build.0 = Debug|Any CPU
		{CA0EC4C2-7E62-4721-AAC5-6E583440A503}.Release|Any CPU.ActiveCfg = Release|Any CPU
		{CA0EC4C2-7E62-4721-AAC5-6E583440A503}.Release|Any CPU.Build.0 = Release|Any CPU
	EndGlobalSection
	GlobalSection(SolutionProperties) = preSolution
		HideSolutionNode = FALSE
	EndGlobalSection
	GlobalSection(NestedProjects) = preSolution
		{CA0EC4C2-7E62-4721-AAC5-6E583440A503} = {D15A0A78-BE1A-4DF6-AA7E-1A85FE3ADCE8}
	EndGlobalSection
	GlobalSection(ExtensibilityGlobals) = postSolution
		SolutionGuid = {A0C31419-914F-4D27-BE5D-1495FD5B5730}
	EndGlobalSection
EndGlobal
